{
  "version": "4",
  "specifiers": {
    "jsr:@hono/hono@*": "4.7.8",
    "npm:uuid@*": "11.1.0"
  },
  "jsr": {
    "@hono/hono@4.7.8": {
      "integrity": "620b1eaab065196d4ebe02cff31f8d3a78c94f736ce2ca86ee14f5f26fe48ecd"
    }
  },
  "npm": {
    "uuid@11.1.0": {
      "integrity": "sha512-0/A9rDy9P7cJ+8w1c9WD9V//9Wj15Ce2MPz8Ri6032usz+NfePxx5AcN3bN+r6ZL6jEo066/yNYB3tn4pQEx+A=="
    }
  }
}
